<?xml version="1.0" encoding="utf-8"?>
<Project ToolsVersion="4.0" xmlns="http://schemas.microsoft.com/developer/msbuild/2003">
  <ItemGroup>
    <Filter Include="Resource Files">
      <UniqueIdentifier>{D9D6E242-F8AF-46E4-B9FD-80ECBC20BA3E}</UniqueIdentifier>
      <Extensions>qrc;*</Extensions>
      <ParseFiles>false</ParseFiles>
    </Filter>
    <Filter Include="Generated Files">
      <UniqueIdentifier>{71ED8ED8-ACB9-4CE9-BBE1-E00B30144E11}</UniqueIdentifier>
      <Extensions>moc;h;cpp</Extensions>
      <SourceControlFiles>False</SourceControlFiles>
    </Filter>
    <Filter Include="Generated Files\Debug">
      <UniqueIdentifier>{2605e527-eb7e-440b-83e3-5f23ef8634ed}</UniqueIdentifier>
      <Extensions>cpp;moc</Extensions>
      <SourceControlFiles>False</SourceControlFiles>
    </Filter>
    <Filter Include="Generated Files\Release">
      <UniqueIdentifier>{a030944c-0a89-41ab-b87b-05bca5299d7c}</UniqueIdentifier>
      <Extensions>cpp;moc</Extensions>
      <SourceControlFiles>False</SourceControlFiles>
    </Filter>
    <Filter Include="GUI">
      <UniqueIdentifier>{56fe5566-027a-42ee-9c83-e74345b92636}</UniqueIdentifier>
    </Filter>
    <Filter Include="GUI\Header">
      <UniqueIdentifier>{13a25d1c-8849-46de-b936-e72b6e32f402}</UniqueIdentifier>
    </Filter>
    <Filter Include="GUI\Source">
      <UniqueIdentifier>{4ab55cca-324d-4ebf-84dd-98da4c21daab}</UniqueIdentifier>
    </Filter>
    <Filter Include="GUI\Forms">
      <UniqueIdentifier>{6f40073b-f5cb-43e7-ac6a-acc8c04e1b40}</UniqueIdentifier>
    </Filter>
    <Filter Include="GraphicsLibrary">
      <UniqueIdentifier>{3b1933b3-400a-45de-a584-43b0f3952fbc}</UniqueIdentifier>
    </Filter>
    <Filter Include="GraphicsLibrary\Mesh">
      <UniqueIdentifier>{d8dc7b89-e17d-4570-b010-9d52fbc3239d}</UniqueIdentifier>
    </Filter>
    <Filter Include="GraphicsLibrary\Mesh\SurfaceMesh">
      <UniqueIdentifier>{7348cebb-9523-43d6-98af-3a173517a387}</UniqueIdentifier>
    </Filter>
    <Filter Include="Utility">
      <UniqueIdentifier>{bac93152-6a35-4079-9a23-7eb0abc1b5ff}</UniqueIdentifier>
    </Filter>
    <Filter Include="GL">
      <UniqueIdentifier>{bc4697ee-96fb-4436-b127-a51491b6d272}</UniqueIdentifier>
    </Filter>
    <Filter Include="GL\VBO">
      <UniqueIdentifier>{ef7bc87c-093b-4c0d-83fd-a46f2861a888}</UniqueIdentifier>
    </Filter>
    <Filter Include="GL\GLee">
      <UniqueIdentifier>{de95e87e-46bc-4a15-a950-fb13a486d35c}</UniqueIdentifier>
    </Filter>
    <Filter Include="GUI\Tools">
      <UniqueIdentifier>{278fd496-9252-483b-92cf-4b0b8752835a}</UniqueIdentifier>
    </Filter>
    <Filter Include="GraphicsLibrary\Basic">
      <UniqueIdentifier>{a6903603-c078-4bc9-9448-d560477f8324}</UniqueIdentifier>
    </Filter>
    <Filter Include="GraphicsLibrary\SpacePartition">
      <UniqueIdentifier>{588671f5-3a7e-46ac-aaac-387349899cfa}</UniqueIdentifier>
    </Filter>
    <Filter Include="GraphicsLibrary\Sampling">
      <UniqueIdentifier>{409ef699-1ea3-4676-93dd-5108560d05be}</UniqueIdentifier>
    </Filter>
    <Filter Include="Math">
      <UniqueIdentifier>{57291330-d57e-401c-afa5-04ea7e0a8a43}</UniqueIdentifier>
    </Filter>
    <Filter Include="Math\Bounding">
      <UniqueIdentifier>{c3d06e0b-6e19-4718-9f59-cca25b0b627d}</UniqueIdentifier>
    </Filter>
    <Filter Include="GraphicsLibrary\Voxel">
      <UniqueIdentifier>{244a5614-2dd8-492a-becd-c7f0c89b26d2}</UniqueIdentifier>
    </Filter>
  </ItemGroup>
  <ItemGroup>
    <ClInclude Include="GUI\global.h">
      <Filter>GUI\Header</Filter>
    </ClInclude>
    <ClInclude Include="GeneratedFiles\ui_RotationWidget.h">
      <Filter>Generated Files</Filter>
    </ClInclude>
    <ClInclude Include="GeneratedFiles\ui_Workspace.h">
      <Filter>Generated Files</Filter>
    </ClInclude>
    <ClInclude Include="GraphicsLibrary\Mesh\SurfaceMesh\properties.h">
      <Filter>GraphicsLibrary\Mesh\SurfaceMesh</Filter>
    </ClInclude>
    <ClInclude Include="GraphicsLibrary\Mesh\SurfaceMesh\Quadric.h">
      <Filter>GraphicsLibrary\Mesh\SurfaceMesh</Filter>
    </ClInclude>
    <ClInclude Include="GraphicsLibrary\Mesh\SurfaceMesh\Surface_mesh.h">
      <Filter>GraphicsLibrary\Mesh\SurfaceMesh</Filter>
    </ClInclude>
    <ClInclude Include="GraphicsLibrary\Mesh\SurfaceMesh\Vector.h">
      <Filter>GraphicsLibrary\Mesh\SurfaceMesh</Filter>
    </ClInclude>
    <ClInclude Include="Utility\Macros.h">
      <Filter>Utility</Filter>
    </ClInclude>
    <ClInclude Include="Utility\NoiseGen.h">
      <Filter>Utility</Filter>
    </ClInclude>
    <ClInclude Include="Utility\SimpleDraw.h">
      <Filter>Utility</Filter>
    </ClInclude>
    <ClInclude Include="Utility\Sleeper.h">
      <Filter>Utility</Filter>
    </ClInclude>
    <ClInclude Include="Utility\Stats.h">
      <Filter>Utility</Filter>
    </ClInclude>
    <ClInclude Include="Utility\ColorMap.h">
      <Filter>Utility</Filter>
    </ClInclude>
    <ClInclude Include="Utility\Graph.h">
      <Filter>Utility</Filter>
    </ClInclude>
    <ClInclude Include="Utility\HashTable.h">
      <Filter>Utility</Filter>
    </ClInclude>
    <ClInclude Include="GL\VBO\VBO.h">
      <Filter>GL\VBO</Filter>
    </ClInclude>
    <ClInclude Include="GL\GLee.h">
      <Filter>GL\GLee</Filter>
    </ClInclude>
    <ClInclude Include="GraphicsLibrary\Basic\Plane.h">
      <Filter>GraphicsLibrary\Basic</Filter>
    </ClInclude>
    <ClInclude Include="GraphicsLibrary\Basic\PolygonArea.h">
      <Filter>GraphicsLibrary\Basic</Filter>
    </ClInclude>
    <ClInclude Include="GraphicsLibrary\Basic\Line.h">
      <Filter>GraphicsLibrary\Basic</Filter>
    </ClInclude>
    <ClInclude Include="resource.h">
      <Filter>Generated Files</Filter>
    </ClInclude>
    <ClInclude Include="resource1.h">
      <Filter>Generated Files</Filter>
    </ClInclude>
    <ClInclude Include="resource2.h">
      <Filter>Generated Files</Filter>
    </ClInclude>
    <ClInclude Include="GraphicsLibrary\Mesh\SurfaceMesh\IO_.h">
      <Filter>GraphicsLibrary\Mesh\SurfaceMesh</Filter>
    </ClInclude>
    <ClInclude Include="GraphicsLibrary\Sampling\Sampler.h">
      <Filter>GraphicsLibrary\Sampling</Filter>
    </ClInclude>
    <ClInclude Include="MathLibrary\Bounding\BoundingBox.h">
      <Filter>Math\Bounding</Filter>
    </ClInclude>
    <ClInclude Include="GraphicsLibrary\Sampling\RegularRecursive.h">
      <Filter>GraphicsLibrary\Sampling</Filter>
    </ClInclude>
    <ClInclude Include="GraphicsLibrary\SpacePartition\Octree.h">
      <Filter>GraphicsLibrary\SpacePartition</Filter>
    </ClInclude>
    <ClInclude Include="GraphicsLibrary\Basic\Triangle.h">
      <Filter>GraphicsLibrary\Basic</Filter>
    </ClInclude>
    <ClInclude Include="GraphicsLibrary\Sampling\SliceSampling.h">
      <Filter>GraphicsLibrary\Sampling</Filter>
    </ClInclude>
    <ClInclude Include="GraphicsLibrary\Sampling\VoxelSampling.h">
      <Filter>GraphicsLibrary\Sampling</Filter>
    </ClInclude>
    <ClInclude Include="GraphicsLibrary\Voxel\Voxel.h">
      <Filter>GraphicsLibrary\Voxel</Filter>
    </ClInclude>
    <ClInclude Include="GraphicsLibrary\Voxel\Voxeler.h">
      <Filter>GraphicsLibrary\Voxel</Filter>
    </ClInclude>
    <ClInclude Include="GraphicsLibrary\Sampling\SpherePackSampling.h">
      <Filter>GraphicsLibrary\Sampling</Filter>
    </ClInclude>
    <ClInclude Include="GraphicsLibrary\Sampling\EdgeSampler.h">
      <Filter>GraphicsLibrary\Sampling</Filter>
    </ClInclude>
    <ClInclude Include="GeneratedFiles\ui_MeshInfo.h">
      <Filter>Generated Files</Filter>
    </ClInclude>
  </ItemGroup>
  <ItemGroup>
    <CustomBuild Include="GUI\QMeshDoc.h">
      <Filter>GUI\Header</Filter>
    </CustomBuild>
    <CustomBuild Include="GUI\Scene.h">
      <Filter>GUI\Header</Filter>
    </CustomBuild>
    <CustomBuild Include="GUI\Workspace.h">
      <Filter>GUI\Header</Filter>
    </CustomBuild>
    <CustomBuild Include="GUI\Workspace.ui">
      <Filter>GUI\Forms</Filter>
    </CustomBuild>
    <CustomBuild Include="GraphicsLibrary\Mesh\QSurfaceMesh.h">
      <Filter>GraphicsLibrary\Mesh</Filter>
    </CustomBuild>
    <CustomBuild Include="GraphicsLibrary\Mesh\QSegMesh.h">
      <Filter>GraphicsLibrary\Mesh</Filter>
    </CustomBuild>
    <CustomBuild Include="GUI\Tools\TransformationPanel.h">
      <Filter>GUI\Tools</Filter>
    </CustomBuild>
    <CustomBuild Include="GUI\Tools\RotationWidget.ui">
      <Filter>GUI\Tools</Filter>
    </CustomBuild>
    <CustomBuild Include="Workspace.qrc">
      <Filter>Resource Files</Filter>
    </CustomBuild>
    <CustomBuild Include="GUI\Tools\MeshInfo.ui">
      <Filter>GUI\Tools</Filter>
    </CustomBuild>
    <CustomBuild Include="GUI\Tools\MeshInfoPanel.h">
      <Filter>GUI\Tools</Filter>
    </CustomBuild>
  </ItemGroup>
  <ItemGroup>
    <ClCompile Include="GeneratedFiles\Debug\moc_QMeshDoc.cpp">
      <Filter>Generated Files\Debug</Filter>
    </ClCompile>
    <ClCompile Include="GeneratedFiles\Release\moc_QMeshDoc.cpp">
      <Filter>Generated Files\Release</Filter>
    </ClCompile>
    <ClCompile Include="GeneratedFiles\Debug\moc_Scene.cpp">
      <Filter>Generated Files\Debug</Filter>
    </ClCompile>
    <ClCompile Include="GeneratedFiles\Release\moc_Scene.cpp">
      <Filter>Generated Files\Release</Filter>
    </ClCompile>
    <ClCompile Include="GeneratedFiles\Debug\moc_Workspace.cpp">
      <Filter>Generated Files\Debug</Filter>
    </ClCompile>
    <ClCompile Include="GeneratedFiles\Release\moc_Workspace.cpp">
      <Filter>Generated Files\Release</Filter>
    </ClCompile>
    <ClCompile Include="GUI\global.cpp">
      <Filter>GUI\Source</Filter>
    </ClCompile>
    <ClCompile Include="GUI\main.cpp">
      <Filter>GUI\Source</Filter>
    </ClCompile>
    <ClCompile Include="GUI\Scene.cpp">
      <Filter>GUI\Source</Filter>
    </ClCompile>
    <ClCompile Include="GUI\Workspace.cpp">
      <Filter>GUI\Source</Filter>
    </ClCompile>
    <ClCompile Include="GUI\QMeshDoc.cpp">
      <Filter>GUI\Source</Filter>
    </ClCompile>
    <ClCompile Include="GraphicsLibrary\Mesh\QSurfaceMesh.cpp">
      <Filter>GraphicsLibrary\Mesh</Filter>
    </ClCompile>
    <ClCompile Include="GeneratedFiles\Debug\moc_QSurfaceMesh.cpp">
      <Filter>Generated Files\Debug</Filter>
    </ClCompile>
    <ClCompile Include="GeneratedFiles\Release\moc_QSurfaceMesh.cpp">
      <Filter>Generated Files\Release</Filter>
    </ClCompile>
    <ClCompile Include="GraphicsLibrary\Mesh\QSegMesh.cpp">
      <Filter>GraphicsLibrary\Mesh</Filter>
    </ClCompile>
    <ClCompile Include="GeneratedFiles\Debug\moc_QSegMesh.cpp">
      <Filter>Generated Files\Debug</Filter>
    </ClCompile>
    <ClCompile Include="GeneratedFiles\Release\moc_QSegMesh.cpp">
      <Filter>Generated Files\Release</Filter>
    </ClCompile>
    <ClCompile Include="GraphicsLibrary\Mesh\SurfaceMesh\Surface_mesh.cpp">
      <Filter>GraphicsLibrary\Mesh\SurfaceMesh</Filter>
    </ClCompile>
    <ClCompile Include="GraphicsLibrary\Mesh\SurfaceMesh\IO_obj.cpp">
      <Filter>GraphicsLibrary\Mesh\SurfaceMesh</Filter>
    </ClCompile>
    <ClCompile Include="GraphicsLibrary\Mesh\SurfaceMesh\IO_off.cpp">
      <Filter>GraphicsLibrary\Mesh\SurfaceMesh</Filter>
    </ClCompile>
    <ClCompile Include="GraphicsLibrary\Mesh\SurfaceMesh\IO_stl.cpp">
      <Filter>GraphicsLibrary\Mesh\SurfaceMesh</Filter>
    </ClCompile>
    <ClCompile Include="Utility\SimpleDraw.cpp">
      <Filter>Utility</Filter>
    </ClCompile>
    <ClCompile Include="Utility\Stats.cpp">
      <Filter>Utility</Filter>
    </ClCompile>
    <ClCompile Include="Utility\ColorMap.cpp">
      <Filter>Utility</Filter>
    </ClCompile>
    <ClCompile Include="GL\VBO\VBO.cpp">
      <Filter>GL\VBO</Filter>
    </ClCompile>
    <ClCompile Include="GL\GLee.c">
      <Filter>GL\GLee</Filter>
    </ClCompile>
    <ClCompile Include="GUI\Tools\TransformationPanel.cpp">
      <Filter>GUI\Tools</Filter>
    </ClCompile>
    <ClCompile Include="GeneratedFiles\Debug\moc_TransformationPanel.cpp">
      <Filter>Generated Files\Debug</Filter>
    </ClCompile>
    <ClCompile Include="GeneratedFiles\Release\moc_TransformationPanel.cpp">
      <Filter>Generated Files\Release</Filter>
    </ClCompile>
    <ClCompile Include="GraphicsLibrary\Basic\Plane.cpp">
      <Filter>GraphicsLibrary\Basic</Filter>
    </ClCompile>
    <ClCompile Include="GraphicsLibrary\Basic\Line.cpp">
      <Filter>GraphicsLibrary\Basic</Filter>
    </ClCompile>
    <ClCompile Include="GeneratedFiles\qrc_Workspace.cpp">
      <Filter>Generated Files</Filter>
    </ClCompile>
    <ClCompile Include="GraphicsLibrary\Mesh\SurfaceMesh\IO_.cpp">
      <Filter>GraphicsLibrary\Mesh\SurfaceMesh</Filter>
    </ClCompile>
    <ClCompile Include="GraphicsLibrary\SpacePartition\kdtree.cpp">
      <Filter>GraphicsLibrary\SpacePartition</Filter>
    </ClCompile>
    <ClCompile Include="GraphicsLibrary\Sampling\Sampler.cpp">
      <Filter>GraphicsLibrary\Sampling</Filter>
    </ClCompile>
    <ClCompile Include="MathLibrary\Bounding\BoundingBox.cpp">
      <Filter>Math\Bounding</Filter>
    </ClCompile>
    <ClCompile Include="GraphicsLibrary\SpacePartition\Octree.cpp">
      <Filter>GraphicsLibrary\SpacePartition</Filter>
    </ClCompile>
    <ClCompile Include="GraphicsLibrary\Basic\Triangle.cpp">
      <Filter>GraphicsLibrary\Basic</Filter>
    </ClCompile>
    <ClCompile Include="GraphicsLibrary\Voxel\Voxeler.cpp">
      <Filter>GraphicsLibrary\Voxel</Filter>
    </ClCompile>
    <ClCompile Include="GUI\Tools\MeshInfoPanel.cpp">
      <Filter>GUI\Tools</Filter>
    </ClCompile>
    <ClCompile Include="GeneratedFiles\Debug\moc_MeshInfoPanel.cpp">
      <Filter>Generated Files\Debug</Filter>
    </ClCompile>
    <ClCompile Include="GeneratedFiles\Release\moc_MeshInfoPanel.cpp">
      <Filter>Generated Files\Release</Filter>
    </ClCompile>
  </ItemGroup>
  <ItemGroup>
    <None Include="Resources\icons\joints.png">
      <Filter>Resource Files</Filter>
    </None>
    <None Include="Resources\icons\cuboid.png">
      <Filter>Resource Files</Filter>
    </None>
    <None Include="Resources\icons\gc.png">
      <Filter>Resource Files</Filter>
    </None>
    <None Include="Resources\icons\remove.png">
      <Filter>Resource Files</Filter>
    </None>
    <None Include="Resources\icons\newScene.png">
      <Filter>Resource Files</Filter>
    </None>
    <None Include="Resources\icons\export.png">
      <Filter>Resource Files</Filter>
    </None>
    <None Include="Resources\icons\insertObject.png">
      <Filter>Resource Files</Filter>
    </None>
    <None Include="Resources\icons\move.png">
      <Filter>Resource Files</Filter>
    </None>
    <None Include="Resources\icons\rotate.png">
      <Filter>Resource Files</Filter>
    </None>
    <None Include="Resources\icons\scale.png">
      <Filter>Resource Files</Filter>
    </None>
    <None Include="AppIcon.ico">
      <Filter>Resource Files</Filter>
    </None>
  </ItemGroup>
  <ItemGroup>
    <ResourceCompile Include="AppIcon.rc">
      <Filter>Resource Files</Filter>
    </ResourceCompile>
  </ItemGroup>
</Project>